
Microsoft Visual Studio Solution File, Format Version 12.00
# Visual Studio Version 17
VisualStudioVersion = 17.6.33815.320
MinimumVisualStudioVersion = 10.0.40219.1
Project("{FAE04EC0-301F-11D3-BF4B-00C04F79EFBC}") = "WebMangas", "WebMangas\WebMangas.csproj", "{5F8A8BF8-3420-42C0-8B10-777E3619E203}"
EndProject
Global
	GlobalSection(SolutionConfigurationPlatforms) = preSolution
		Debug|Any CPU = Debug|Any CPU
		Release|Any CPU = Release|Any CPU
	EndGlobalSection
	GlobalSection(ProjectConfigurationPlatforms) = postSolution
		{5F8A8BF8-3420-42C0-8B10-777E3619E203}.Debug|Any CPU.ActiveCfg = Debug|Any CPU
		{5F8A8BF8-3420-42C0-8B10-777E3619E203}.Debug|Any CPU.Build.0 = Debug|Any CPU
		{5F8A8BF8-3420-42C0-8B10-777E3619E203}.Release|Any CPU.ActiveCfg = Release|Any CPU
		{5F8A8BF8-3420-42C0-8B10-777E3619E203}.Release|Any CPU.Build.0 = Release|Any CPU
	EndGlobalSection
	GlobalSection(SolutionProperties) = preSolution
		HideSolutionNode = FALSE
	EndGlobalSection
	GlobalSection(ExtensibilityGlobals) = postSolution
		SolutionGuid = {B2335563-CB71-4ED1-8055-8FF570787DC4}
	EndGlobalSection
EndGlobal
